
Microsoft Visual Studio Solution File, Format Version 12.00
# Visual Studio 14
VisualStudioVersion = 14.0.25123.0
MinimumVisualStudioVersion = 10.0.40219.1
Project("{FAE04EC0-301F-11D3-BF4B-00C04F79EFBC}") = "PriceCompareFramework", "PriceCompareFramework\PriceCompareFramework.csproj", "{00FC4D8D-97C4-43AD-ADF1-B176E2EE2144}"
EndProject
Project("{FAE04EC0-301F-11D3-BF4B-00C04F79EFBC}") = "PriceCompareUI", "PriceCompareUI\PriceCompareUI.csproj", "{A81B021A-2C7E-4B6E-BCED-51281C6F8D60}"
EndProject
Global
	GlobalSection(SolutionConfigurationPlatforms) = preSolution
		Debug|Any CPU = Debug|Any CPU
		Release|Any CPU = Release|Any CPU
	EndGlobalSection
	GlobalSection(ProjectConfigurationPlatforms) = postSolution
		{00FC4D8D-97C4-43AD-ADF1-B176E2EE2144}.Debug|Any CPU.ActiveCfg = Debug|Any CPU
		{00FC4D8D-97C4-43AD-ADF1-B176E2EE2144}.Debug|Any CPU.Build.0 = Debug|Any CPU
		{00FC4D8D-97C4-43AD-ADF1-B176E2EE2144}.Release|Any CPU.ActiveCfg = Release|Any CPU
		{00FC4D8D-97C4-43AD-ADF1-B176E2EE2144}.Release|Any CPU.Build.0 = Release|Any CPU
		{A81B021A-2C7E-4B6E-BCED-51281C6F8D60}.Debug|Any CPU.ActiveCfg = Debug|Any CPU
		{A81B021A-2C7E-4B6E-BCED-51281C6F8D60}.Debug|Any CPU.Build.0 = Debug|Any CPU
		{A81B021A-2C7E-4B6E-BCED-51281C6F8D60}.Release|Any CPU.ActiveCfg = Release|Any CPU
		{A81B021A-2C7E-4B6E-BCED-51281C6F8D60}.Release|Any CPU.Build.0 = Release|Any CPU
	EndGlobalSection
	GlobalSection(SolutionProperties) = preSolution
		HideSolutionNode = FALSE
	EndGlobalSection
EndGlobal
